{
  "name": "ustatic",
  "version": "0.0.11",
  "lockfileVersion": 2,
  "requires": true,
  "packages": {
    "": {
      "name": "ustatic",
      "version": "0.0.11",
      "license": "Unlicense",
      "dependencies": {
        "uWebSockets.js": "github:uNetworking/uWebSockets.js#semver:v20.x"
      },
      "bin": {
        "ustatic": "bin/index.js"
      },
      "funding": {
        "type": "individual",
        "url": "https://github.com/sponsors/porsager"
      }
    },
    "node_modules/uWebSockets.js": {
      "version": "20.15.0",
      "resolved": "git+ssh://git@github.com/uNetworking/uWebSockets.js.git#77bc1fd5577ae42b56675912eb8481a31f3fefd2"
    }
  },
  "dependencies": {
    "uWebSockets.js": {
      "version": "git+ssh://git@github.com/uNetworking/uWebSockets.js.git#77bc1fd5577ae42b56675912eb8481a31f3fefd2",
      "from": "uWebSockets.js@github:uNetworking/uWebSockets.js#semver:v20.x"
    }
  }
}
